
Microsoft Visual Studio Solution File, Format Version 12.00
# Visual Studio Version 16
VisualStudioVersion = 16.0.31321.278
MinimumVisualStudioVersion = 10.0.40219.1
Project("{9A19103F-16F7-4668-BE54-9A1E7A4F7556}") = "InventoryManager", "InventoryManager\InventoryManager.csproj", "{A2DA52ED-07BF-40A2-99BE-7B4D2A2ECC47}"
EndProject
Global
	GlobalSection(SolutionConfigurationPlatforms) = preSolution
		Debug|Any CPU = Debug|Any CPU
		Release|Any CPU = Release|Any CPU
	EndGlobalSection
	GlobalSection(ProjectConfigurationPlatforms) = postSolution
		{A2DA52ED-07BF-40A2-99BE-7B4D2A2ECC47}.Debug|Any CPU.ActiveCfg = Debug|Any CPU
		{A2DA52ED-07BF-40A2-99BE-7B4D2A2ECC47}.Debug|Any CPU.Build.0 = Debug|Any CPU
		{A2DA52ED-07BF-40A2-99BE-7B4D2A2ECC47}.Release|Any CPU.ActiveCfg = Release|Any CPU
		{A2DA52ED-07BF-40A2-99BE-7B4D2A2ECC47}.Release|Any CPU.Build.0 = Release|Any CPU
	EndGlobalSection
	GlobalSection(SolutionProperties) = preSolution
		HideSolutionNode = FALSE
	EndGlobalSection
	GlobalSection(ExtensibilityGlobals) = postSolution
		SolutionGuid = {CBEFF00A-DBF8-4387-8714-73319FE907FB}
	EndGlobalSection
EndGlobal
